
Microsoft Visual Studio Solution File, Format Version 12.00
# Visual Studio 2012
Project("{FAE04EC0-301F-11D3-BF4B-00C04F79EFBC}") = "Database First", "Database First\Database First.csproj", "{5BB35E09-E9A7-419C-8693-23CE37611AE5}"
EndProject
Global
	GlobalSection(SolutionConfigurationPlatforms) = preSolution
		Debug|Any CPU = Debug|Any CPU
		Release|Any CPU = Release|Any CPU
	EndGlobalSection
	GlobalSection(ProjectConfigurationPlatforms) = postSolution
		{5BB35E09-E9A7-419C-8693-23CE37611AE5}.Debug|Any CPU.ActiveCfg = Debug|Any CPU
		{5BB35E09-E9A7-419C-8693-23CE37611AE5}.Debug|Any CPU.Build.0 = Debug|Any CPU
		{5BB35E09-E9A7-419C-8693-23CE37611AE5}.Release|Any CPU.ActiveCfg = Release|Any CPU
		{5BB35E09-E9A7-419C-8693-23CE37611AE5}.Release|Any CPU.Build.0 = Release|Any CPU
	EndGlobalSection
	GlobalSection(SolutionProperties) = preSolution
		HideSolutionNode = FALSE
	EndGlobalSection
EndGlobal
